
Microsoft Visual Studio Solution File, Format Version 12.00
# Visual Studio Version 16
VisualStudioVersion = 16.0.29503.13
MinimumVisualStudioVersion = 10.0.40219.1
Project("{FAE04EC0-301F-11D3-BF4B-00C04F79EFBC}") = "4.7", "4.7\4.7.csproj", "{546A567C-F776-4166-B3CA-0CA3A966AA39}"
EndProject
Global
	GlobalSection(SolutionConfigurationPlatforms) = preSolution
		Debug|Any CPU = Debug|Any CPU
		Release|Any CPU = Release|Any CPU
	EndGlobalSection
	GlobalSection(ProjectConfigurationPlatforms) = postSolution
		{546A567C-F776-4166-B3CA-0CA3A966AA39}.Debug|Any CPU.ActiveCfg = Debug|Any CPU
		{546A567C-F776-4166-B3CA-0CA3A966AA39}.Debug|Any CPU.Build.0 = Debug|Any CPU
		{546A567C-F776-4166-B3CA-0CA3A966AA39}.Release|Any CPU.ActiveCfg = Release|Any CPU
		{546A567C-F776-4166-B3CA-0CA3A966AA39}.Release|Any CPU.Build.0 = Release|Any CPU
	EndGlobalSection
	GlobalSection(SolutionProperties) = preSolution
		HideSolutionNode = FALSE
	EndGlobalSection
	GlobalSection(ExtensibilityGlobals) = postSolution
		SolutionGuid = {4E53A8F4-674E-4010-ADC6-75C4CB72A91D}
	EndGlobalSection
EndGlobal
